
Microsoft Visual Studio Solution File, Format Version 12.00
Project("{2150E333-8FDC-42A3-9474-1A3956D46DE8}") = "src", "src", "{AC4DE7DD-9246-467B-9EDE-84DB91419E74}"
EndProject
Project("{FAE04EC0-301F-11D3-BF4B-00C04F79EFBC}") = "Presentation", "src\Presentation\Presentation.csproj", "{2618131A-5BFD-4FDF-A731-CAAFD33F6075}"
EndProject
Project("{2150E333-8FDC-42A3-9474-1A3956D46DE8}") = "lib", "lib", "{5CE27DF0-D7F4-4498-8D39-0B7C1C98DBCC}"
EndProject
Project("{2150E333-8FDC-42A3-9474-1A3956D46DE8}") = "solution", "solution", "{7AB10B99-6FB2-4F5B-AAE4-2DC8EDC6BC53}"
	ProjectSection(SolutionItems) = preProject
		.gitignore = .gitignore
		Directory.Build.props = Directory.Build.props
		Directory.Packages.props = Directory.Packages.props
	EndProjectSection
EndProject
Project("{FAE04EC0-301F-11D3-BF4B-00C04F79EFBC}") = "Abp", "lib\Abp\Abp.csproj", "{FD8EDA14-6054-4254-8C76-612C98C1DED8}"
EndProject
Project("{FAE04EC0-301F-11D3-BF4B-00C04F79EFBC}") = "Castle.Windsor.MsDependencyInjection", "lib\Castle.Windsor.MsDependencyInjection\Castle.Windsor.MsDependencyInjection.csproj", "{5B5E3676-230D-4E04-A7F4-D537A9A435EF}"
EndProject
Project("{FAE04EC0-301F-11D3-BF4B-00C04F79EFBC}") = "Abp.NHibernate", "lib\Abp.NHibernate\Abp.NHibernate.csproj", "{37CFF990-2855-4097-9AE8-1B7E3F801C54}"
EndProject
Project("{FAE04EC0-301F-11D3-BF4B-00C04F79EFBC}") = "Abp.BlobStoring", "lib\Abp.BlobStoring\Abp.BlobStoring.csproj", "{A6FA599C-58F0-4F18-B326-AFA048CE0C6D}"
EndProject
Project("{FAE04EC0-301F-11D3-BF4B-00C04F79EFBC}") = "Abp.BlobStoring.FileSystem", "lib\Abp.BlobStoring.FileSystem\Abp.BlobStoring.FileSystem.csproj", "{A9CC24B4-8606-486A-8D4E-8F19553E4C5A}"
EndProject
Project("{FAE04EC0-301F-11D3-BF4B-00C04F79EFBC}") = "Abp.HangFire", "lib\Abp.HangFire\Abp.HangFire.csproj", "{267B0EB3-7BCB-4B3B-A150-9E04A2C0D6EE}"
EndProject
Project("{FAE04EC0-301F-11D3-BF4B-00C04F79EFBC}") = "Abp.Mapperly", "lib\Abp.Mapperly\Abp.Mapperly.csproj", "{FEF93CC4-AA0A-4E3D-BAD1-AB06CC9B4A06}"
EndProject
Project("{FAE04EC0-301F-11D3-BF4B-00C04F79EFBC}") = "TestProj", "lib\TestProj\TestProj.csproj", "{4210AECD-D967-403D-B98B-55BC09ED4078}"
EndProject
Project("{FAE04EC0-301F-11D3-BF4B-00C04F79EFBC}") = "Domain", "src\Domain\Domain.csproj", "{AFA6F7D4-A7CC-4ECA-A110-CD1D0B80ABF0}"
EndProject
Project("{FAE04EC0-301F-11D3-BF4B-00C04F79EFBC}") = "Application", "src\Application\Application.csproj", "{7405955A-7227-4515-8AA0-7243DA817811}"
EndProject
Project("{FAE04EC0-301F-11D3-BF4B-00C04F79EFBC}") = "Infrastructure", "src\Infrastructure\Infrastructure.csproj", "{D9FEE61E-39E9-4051-AEA3-78F1820EA803}"
EndProject
Project("{FAE04EC0-301F-11D3-BF4B-00C04F79EFBC}") = "Abp.Web.Common", "lib\Abp.Web.Common\Abp.Web.Common.csproj", "{D76CF04E-7343-454D-97D9-AAF4F80E08C5}"
EndProject
Project("{FAE04EC0-301F-11D3-BF4B-00C04F79EFBC}") = "Abp.Web.Mvc", "lib\Abp.Web.Mvc\Abp.Web.Mvc.csproj", "{0DE4DD3A-BA91-49A4-B02B-EABDA7355E4C}"
EndProject
Project("{FAE04EC0-301F-11D3-BF4B-00C04F79EFBC}") = "Abp.Web", "lib\Abp.Web\Abp.Web.csproj", "{B8B4244E-4433-4666-A9B3-84C721BFEE9F}"
EndProject
Project("{FAE04EC0-301F-11D3-BF4B-00C04F79EFBC}") = "Abp.Web.SignalR", "lib\Abp.Web.SignalR\Abp.Web.SignalR.csproj", "{65F5BC18-DC45-4EA1-82A7-E355088C77F6}"
EndProject
Project("{FAE04EC0-301F-11D3-BF4B-00C04F79EFBC}") = "Abp.Web.Api", "lib\Abp.Web.Api\Abp.Web.Api.csproj", "{D4F6A783-B22C-4E10-9F20-0501FE23426C}"
EndProject
Project("{FAE04EC0-301F-11D3-BF4B-00C04F79EFBC}") = "Abp.Castle.Log4Net", "lib\Abp.Castle.Log4Net\Abp.Castle.Log4Net.csproj", "{6B889981-8920-4F00-869C-8F9DDEB55B60}"
EndProject
Project("{FAE04EC0-301F-11D3-BF4B-00C04F79EFBC}") = "Abp.Owin", "lib\Abp.Owin\Abp.Owin.csproj", "{CF748EAF-905D-4278-8B52-16D30DE11D75}"
EndProject
Global
	GlobalSection(SolutionConfigurationPlatforms) = preSolution
		Debug|Any CPU = Debug|Any CPU
		Release|Any CPU = Release|Any CPU
	EndGlobalSection
	GlobalSection(NestedProjects) = preSolution
		{2618131A-5BFD-4FDF-A731-CAAFD33F6075} = {AC4DE7DD-9246-467B-9EDE-84DB91419E74}
		{FD8EDA14-6054-4254-8C76-612C98C1DED8} = {5CE27DF0-D7F4-4498-8D39-0B7C1C98DBCC}
		{5B5E3676-230D-4E04-A7F4-D537A9A435EF} = {5CE27DF0-D7F4-4498-8D39-0B7C1C98DBCC}
		{37CFF990-2855-4097-9AE8-1B7E3F801C54} = {5CE27DF0-D7F4-4498-8D39-0B7C1C98DBCC}
		{A6FA599C-58F0-4F18-B326-AFA048CE0C6D} = {5CE27DF0-D7F4-4498-8D39-0B7C1C98DBCC}
		{A9CC24B4-8606-486A-8D4E-8F19553E4C5A} = {5CE27DF0-D7F4-4498-8D39-0B7C1C98DBCC}
		{267B0EB3-7BCB-4B3B-A150-9E04A2C0D6EE} = {5CE27DF0-D7F4-4498-8D39-0B7C1C98DBCC}
		{FEF93CC4-AA0A-4E3D-BAD1-AB06CC9B4A06} = {5CE27DF0-D7F4-4498-8D39-0B7C1C98DBCC}
		{4210AECD-D967-403D-B98B-55BC09ED4078} = {5CE27DF0-D7F4-4498-8D39-0B7C1C98DBCC}
		{AFA6F7D4-A7CC-4ECA-A110-CD1D0B80ABF0} = {AC4DE7DD-9246-467B-9EDE-84DB91419E74}
		{7405955A-7227-4515-8AA0-7243DA817811} = {AC4DE7DD-9246-467B-9EDE-84DB91419E74}
		{D9FEE61E-39E9-4051-AEA3-78F1820EA803} = {AC4DE7DD-9246-467B-9EDE-84DB91419E74}
		{D76CF04E-7343-454D-97D9-AAF4F80E08C5} = {5CE27DF0-D7F4-4498-8D39-0B7C1C98DBCC}
		{0DE4DD3A-BA91-49A4-B02B-EABDA7355E4C} = {5CE27DF0-D7F4-4498-8D39-0B7C1C98DBCC}
		{B8B4244E-4433-4666-A9B3-84C721BFEE9F} = {5CE27DF0-D7F4-4498-8D39-0B7C1C98DBCC}
		{65F5BC18-DC45-4EA1-82A7-E355088C77F6} = {5CE27DF0-D7F4-4498-8D39-0B7C1C98DBCC}
		{D4F6A783-B22C-4E10-9F20-0501FE23426C} = {5CE27DF0-D7F4-4498-8D39-0B7C1C98DBCC}
		{6B889981-8920-4F00-869C-8F9DDEB55B60} = {5CE27DF0-D7F4-4498-8D39-0B7C1C98DBCC}
		{CF748EAF-905D-4278-8B52-16D30DE11D75} = {5CE27DF0-D7F4-4498-8D39-0B7C1C98DBCC}
	EndGlobalSection
	GlobalSection(ProjectConfigurationPlatforms) = postSolution
		{2618131A-5BFD-4FDF-A731-CAAFD33F6075}.Debug|Any CPU.ActiveCfg = Debug|Any CPU
		{2618131A-5BFD-4FDF-A731-CAAFD33F6075}.Debug|Any CPU.Build.0 = Debug|Any CPU
		{2618131A-5BFD-4FDF-A731-CAAFD33F6075}.Release|Any CPU.ActiveCfg = Release|Any CPU
		{2618131A-5BFD-4FDF-A731-CAAFD33F6075}.Release|Any CPU.Build.0 = Release|Any CPU
		{FD8EDA14-6054-4254-8C76-612C98C1DED8}.Debug|Any CPU.ActiveCfg = Debug|Any CPU
		{FD8EDA14-6054-4254-8C76-612C98C1DED8}.Debug|Any CPU.Build.0 = Debug|Any CPU
		{FD8EDA14-6054-4254-8C76-612C98C1DED8}.Release|Any CPU.ActiveCfg = Release|Any CPU
		{FD8EDA14-6054-4254-8C76-612C98C1DED8}.Release|Any CPU.Build.0 = Release|Any CPU
		{5B5E3676-230D-4E04-A7F4-D537A9A435EF}.Debug|Any CPU.ActiveCfg = Debug|Any CPU
		{5B5E3676-230D-4E04-A7F4-D537A9A435EF}.Debug|Any CPU.Build.0 = Debug|Any CPU
		{5B5E3676-230D-4E04-A7F4-D537A9A435EF}.Release|Any CPU.ActiveCfg = Release|Any CPU
		{5B5E3676-230D-4E04-A7F4-D537A9A435EF}.Release|Any CPU.Build.0 = Release|Any CPU
		{37CFF990-2855-4097-9AE8-1B7E3F801C54}.Debug|Any CPU.ActiveCfg = Debug|Any CPU
		{37CFF990-2855-4097-9AE8-1B7E3F801C54}.Debug|Any CPU.Build.0 = Debug|Any CPU
		{37CFF990-2855-4097-9AE8-1B7E3F801C54}.Release|Any CPU.ActiveCfg = Release|Any CPU
		{37CFF990-2855-4097-9AE8-1B7E3F801C54}.Release|Any CPU.Build.0 = Release|Any CPU
		{A6FA599C-58F0-4F18-B326-AFA048CE0C6D}.Debug|Any CPU.ActiveCfg = Debug|Any CPU
		{A6FA599C-58F0-4F18-B326-AFA048CE0C6D}.Debug|Any CPU.Build.0 = Debug|Any CPU
		{A6FA599C-58F0-4F18-B326-AFA048CE0C6D}.Release|Any CPU.ActiveCfg = Release|Any CPU
		{A6FA599C-58F0-4F18-B326-AFA048CE0C6D}.Release|Any CPU.Build.0 = Release|Any CPU
		{A9CC24B4-8606-486A-8D4E-8F19553E4C5A}.Debug|Any CPU.ActiveCfg = Debug|Any CPU
		{A9CC24B4-8606-486A-8D4E-8F19553E4C5A}.Debug|Any CPU.Build.0 = Debug|Any CPU
		{A9CC24B4-8606-486A-8D4E-8F19553E4C5A}.Release|Any CPU.ActiveCfg = Release|Any CPU
		{A9CC24B4-8606-486A-8D4E-8F19553E4C5A}.Release|Any CPU.Build.0 = Release|Any CPU
		{267B0EB3-7BCB-4B3B-A150-9E04A2C0D6EE}.Debug|Any CPU.ActiveCfg = Debug|Any CPU
		{267B0EB3-7BCB-4B3B-A150-9E04A2C0D6EE}.Debug|Any CPU.Build.0 = Debug|Any CPU
		{267B0EB3-7BCB-4B3B-A150-9E04A2C0D6EE}.Release|Any CPU.ActiveCfg = Release|Any CPU
		{267B0EB3-7BCB-4B3B-A150-9E04A2C0D6EE}.Release|Any CPU.Build.0 = Release|Any CPU
		{FEF93CC4-AA0A-4E3D-BAD1-AB06CC9B4A06}.Debug|Any CPU.ActiveCfg = Debug|Any CPU
		{FEF93CC4-AA0A-4E3D-BAD1-AB06CC9B4A06}.Debug|Any CPU.Build.0 = Debug|Any CPU
		{FEF93CC4-AA0A-4E3D-BAD1-AB06CC9B4A06}.Release|Any CPU.ActiveCfg = Release|Any CPU
		{FEF93CC4-AA0A-4E3D-BAD1-AB06CC9B4A06}.Release|Any CPU.Build.0 = Release|Any CPU
		{4210AECD-D967-403D-B98B-55BC09ED4078}.Debug|Any CPU.ActiveCfg = Debug|Any CPU
		{4210AECD-D967-403D-B98B-55BC09ED4078}.Debug|Any CPU.Build.0 = Debug|Any CPU
		{4210AECD-D967-403D-B98B-55BC09ED4078}.Release|Any CPU.ActiveCfg = Release|Any CPU
		{4210AECD-D967-403D-B98B-55BC09ED4078}.Release|Any CPU.Build.0 = Release|Any CPU
		{AFA6F7D4-A7CC-4ECA-A110-CD1D0B80ABF0}.Debug|Any CPU.ActiveCfg = Debug|Any CPU
		{AFA6F7D4-A7CC-4ECA-A110-CD1D0B80ABF0}.Debug|Any CPU.Build.0 = Debug|Any CPU
		{AFA6F7D4-A7CC-4ECA-A110-CD1D0B80ABF0}.Release|Any CPU.ActiveCfg = Release|Any CPU
		{AFA6F7D4-A7CC-4ECA-A110-CD1D0B80ABF0}.Release|Any CPU.Build.0 = Release|Any CPU
		{7405955A-7227-4515-8AA0-7243DA817811}.Debug|Any CPU.ActiveCfg = Debug|Any CPU
		{7405955A-7227-4515-8AA0-7243DA817811}.Debug|Any CPU.Build.0 = Debug|Any CPU
		{7405955A-7227-4515-8AA0-7243DA817811}.Release|Any CPU.ActiveCfg = Release|Any CPU
		{7405955A-7227-4515-8AA0-7243DA817811}.Release|Any CPU.Build.0 = Release|Any CPU
		{D9FEE61E-39E9-4051-AEA3-78F1820EA803}.Debug|Any CPU.ActiveCfg = Debug|Any CPU
		{D9FEE61E-39E9-4051-AEA3-78F1820EA803}.Debug|Any CPU.Build.0 = Debug|Any CPU
		{D9FEE61E-39E9-4051-AEA3-78F1820EA803}.Release|Any CPU.ActiveCfg = Release|Any CPU
		{D9FEE61E-39E9-4051-AEA3-78F1820EA803}.Release|Any CPU.Build.0 = Release|Any CPU
		{D76CF04E-7343-454D-97D9-AAF4F80E08C5}.Debug|Any CPU.ActiveCfg = Debug|Any CPU
		{D76CF04E-7343-454D-97D9-AAF4F80E08C5}.Debug|Any CPU.Build.0 = Debug|Any CPU
		{D76CF04E-7343-454D-97D9-AAF4F80E08C5}.Release|Any CPU.ActiveCfg = Release|Any CPU
		{D76CF04E-7343-454D-97D9-AAF4F80E08C5}.Release|Any CPU.Build.0 = Release|Any CPU
		{0DE4DD3A-BA91-49A4-B02B-EABDA7355E4C}.Debug|Any CPU.ActiveCfg = Debug|Any CPU
		{0DE4DD3A-BA91-49A4-B02B-EABDA7355E4C}.Debug|Any CPU.Build.0 = Debug|Any CPU
		{0DE4DD3A-BA91-49A4-B02B-EABDA7355E4C}.Release|Any CPU.ActiveCfg = Release|Any CPU
		{0DE4DD3A-BA91-49A4-B02B-EABDA7355E4C}.Release|Any CPU.Build.0 = Release|Any CPU
		{B8B4244E-4433-4666-A9B3-84C721BFEE9F}.Debug|Any CPU.ActiveCfg = Debug|Any CPU
		{B8B4244E-4433-4666-A9B3-84C721BFEE9F}.Debug|Any CPU.Build.0 = Debug|Any CPU
		{B8B4244E-4433-4666-A9B3-84C721BFEE9F}.Release|Any CPU.ActiveCfg = Release|Any CPU
		{B8B4244E-4433-4666-A9B3-84C721BFEE9F}.Release|Any CPU.Build.0 = Release|Any CPU
		{65F5BC18-DC45-4EA1-82A7-E355088C77F6}.Debug|Any CPU.ActiveCfg = Debug|Any CPU
		{65F5BC18-DC45-4EA1-82A7-E355088C77F6}.Debug|Any CPU.Build.0 = Debug|Any CPU
		{65F5BC18-DC45-4EA1-82A7-E355088C77F6}.Release|Any CPU.ActiveCfg = Release|Any CPU
		{65F5BC18-DC45-4EA1-82A7-E355088C77F6}.Release|Any CPU.Build.0 = Release|Any CPU
		{D4F6A783-B22C-4E10-9F20-0501FE23426C}.Debug|Any CPU.ActiveCfg = Debug|Any CPU
		{D4F6A783-B22C-4E10-9F20-0501FE23426C}.Debug|Any CPU.Build.0 = Debug|Any CPU
		{D4F6A783-B22C-4E10-9F20-0501FE23426C}.Release|Any CPU.ActiveCfg = Release|Any CPU
		{D4F6A783-B22C-4E10-9F20-0501FE23426C}.Release|Any CPU.Build.0 = Release|Any CPU
		{6B889981-8920-4F00-869C-8F9DDEB55B60}.Debug|Any CPU.ActiveCfg = Debug|Any CPU
		{6B889981-8920-4F00-869C-8F9DDEB55B60}.Debug|Any CPU.Build.0 = Debug|Any CPU
		{6B889981-8920-4F00-869C-8F9DDEB55B60}.Release|Any CPU.ActiveCfg = Release|Any CPU
		{6B889981-8920-4F00-869C-8F9DDEB55B60}.Release|Any CPU.Build.0 = Release|Any CPU
		{CF748EAF-905D-4278-8B52-16D30DE11D75}.Debug|Any CPU.ActiveCfg = Debug|Any CPU
		{CF748EAF-905D-4278-8B52-16D30DE11D75}.Debug|Any CPU.Build.0 = Debug|Any CPU
		{CF748EAF-905D-4278-8B52-16D30DE11D75}.Release|Any CPU.ActiveCfg = Release|Any CPU
		{CF748EAF-905D-4278-8B52-16D30DE11D75}.Release|Any CPU.Build.0 = Release|Any CPU
	EndGlobalSection
EndGlobal
