
Microsoft Visual Studio Solution File, Format Version 12.00
Project("{2150E333-8FDC-42A3-9474-1A3956D46DE8}") = "src", "src", "{AC4DE7DD-9246-467B-9EDE-84DB91419E74}"
EndProject
Project("{FAE04EC0-301F-11D3-BF4B-00C04F79EFBC}") = "Presentation", "src\Presentation\Presentation.csproj", "{2618131A-5BFD-4FDF-A731-CAAFD33F6075}"
EndProject
Project("{2150E333-8FDC-42A3-9474-1A3956D46DE8}") = "lib", "lib", "{5CE27DF0-D7F4-4498-8D39-0B7C1C98DBCC}"
EndProject
Project("{2150E333-8FDC-42A3-9474-1A3956D46DE8}") = "solution", "solution", "{7AB10B99-6FB2-4F5B-AAE4-2DC8EDC6BC53}"
	ProjectSection(SolutionItems) = preProject
		.gitignore = .gitignore
		Directory.Build.props = Directory.Build.props
		Directory.Packages.props = Directory.Packages.props
	EndProjectSection
EndProject
Project("{FAE04EC0-301F-11D3-BF4B-00C04F79EFBC}") = "Castle.Core", "lib\Castle.Core\Castle.Core.csproj", "{FAC1E4C0-4CF5-446E-85DC-C1DFFF279905}"
EndProject
Project("{FAE04EC0-301F-11D3-BF4B-00C04F79EFBC}") = "Castle.Windsor", "lib\Castle.Windsor\Castle.Windsor.csproj", "{D4CEF3BF-74F6-4BE6-A752-13D620FD17FA}"
EndProject
Project("{FAE04EC0-301F-11D3-BF4B-00C04F79EFBC}") = "Castle.Windsor.Microsoft.DependencyInjection", "lib\Castle.Windsor.Microsoft.DependencyInjection\Castle.Windsor.Microsoft.DependencyInjection.csproj", "{DE585D32-7A5D-4E37-90D1-46F8DD172CD5}"
EndProject
Project("{FAE04EC0-301F-11D3-BF4B-00C04F79EFBC}") = "Abp", "lib\Abp\Abp.csproj", "{1BD5DCEF-A89C-4085-8EFA-4E2FAE57A581}"
EndProject
Project("{FAE04EC0-301F-11D3-BF4B-00C04F79EFBC}") = "Volo.Abp.Web", "lib\Volo.Abp.Web\Volo.Abp.Web.csproj", "{5B5297C5-CED5-43CA-85D2-65D5F11D0D1A}"
EndProject
Project("{FAE04EC0-301F-11D3-BF4B-00C04F79EFBC}") = "Volo.Abp.Web.Mvc", "lib\Volo.Abp.Web.Mvc\Volo.Abp.Web.Mvc.csproj", "{ABE9E310-9AFE-49AF-A303-62313D6F4A38}"
EndProject
Global
	GlobalSection(SolutionConfigurationPlatforms) = preSolution
		Debug|Any CPU = Debug|Any CPU
		Release|Any CPU = Release|Any CPU
	EndGlobalSection
	GlobalSection(NestedProjects) = preSolution
		{2618131A-5BFD-4FDF-A731-CAAFD33F6075} = {AC4DE7DD-9246-467B-9EDE-84DB91419E74}
		{FAC1E4C0-4CF5-446E-85DC-C1DFFF279905} = {5CE27DF0-D7F4-4498-8D39-0B7C1C98DBCC}
		{D4CEF3BF-74F6-4BE6-A752-13D620FD17FA} = {5CE27DF0-D7F4-4498-8D39-0B7C1C98DBCC}
		{DE585D32-7A5D-4E37-90D1-46F8DD172CD5} = {5CE27DF0-D7F4-4498-8D39-0B7C1C98DBCC}
		{1BD5DCEF-A89C-4085-8EFA-4E2FAE57A581} = {5CE27DF0-D7F4-4498-8D39-0B7C1C98DBCC}
		{5B5297C5-CED5-43CA-85D2-65D5F11D0D1A} = {5CE27DF0-D7F4-4498-8D39-0B7C1C98DBCC}
		{ABE9E310-9AFE-49AF-A303-62313D6F4A38} = {5CE27DF0-D7F4-4498-8D39-0B7C1C98DBCC}
	EndGlobalSection
	GlobalSection(ProjectConfigurationPlatforms) = postSolution
		{2618131A-5BFD-4FDF-A731-CAAFD33F6075}.Debug|Any CPU.ActiveCfg = Debug|Any CPU
		{2618131A-5BFD-4FDF-A731-CAAFD33F6075}.Debug|Any CPU.Build.0 = Debug|Any CPU
		{2618131A-5BFD-4FDF-A731-CAAFD33F6075}.Release|Any CPU.ActiveCfg = Release|Any CPU
		{2618131A-5BFD-4FDF-A731-CAAFD33F6075}.Release|Any CPU.Build.0 = Release|Any CPU
		{FAC1E4C0-4CF5-446E-85DC-C1DFFF279905}.Debug|Any CPU.ActiveCfg = Debug|Any CPU
		{FAC1E4C0-4CF5-446E-85DC-C1DFFF279905}.Debug|Any CPU.Build.0 = Debug|Any CPU
		{FAC1E4C0-4CF5-446E-85DC-C1DFFF279905}.Release|Any CPU.ActiveCfg = Release|Any CPU
		{FAC1E4C0-4CF5-446E-85DC-C1DFFF279905}.Release|Any CPU.Build.0 = Release|Any CPU
		{D4CEF3BF-74F6-4BE6-A752-13D620FD17FA}.Debug|Any CPU.ActiveCfg = Debug|Any CPU
		{D4CEF3BF-74F6-4BE6-A752-13D620FD17FA}.Debug|Any CPU.Build.0 = Debug|Any CPU
		{D4CEF3BF-74F6-4BE6-A752-13D620FD17FA}.Release|Any CPU.ActiveCfg = Release|Any CPU
		{D4CEF3BF-74F6-4BE6-A752-13D620FD17FA}.Release|Any CPU.Build.0 = Release|Any CPU
		{DE585D32-7A5D-4E37-90D1-46F8DD172CD5}.Debug|Any CPU.ActiveCfg = Debug|Any CPU
		{DE585D32-7A5D-4E37-90D1-46F8DD172CD5}.Debug|Any CPU.Build.0 = Debug|Any CPU
		{DE585D32-7A5D-4E37-90D1-46F8DD172CD5}.Release|Any CPU.ActiveCfg = Release|Any CPU
		{DE585D32-7A5D-4E37-90D1-46F8DD172CD5}.Release|Any CPU.Build.0 = Release|Any CPU
		{1BD5DCEF-A89C-4085-8EFA-4E2FAE57A581}.Debug|Any CPU.ActiveCfg = Debug|Any CPU
		{1BD5DCEF-A89C-4085-8EFA-4E2FAE57A581}.Debug|Any CPU.Build.0 = Debug|Any CPU
		{1BD5DCEF-A89C-4085-8EFA-4E2FAE57A581}.Release|Any CPU.ActiveCfg = Release|Any CPU
		{1BD5DCEF-A89C-4085-8EFA-4E2FAE57A581}.Release|Any CPU.Build.0 = Release|Any CPU
		{5B5297C5-CED5-43CA-85D2-65D5F11D0D1A}.Debug|Any CPU.ActiveCfg = Debug|Any CPU
		{5B5297C5-CED5-43CA-85D2-65D5F11D0D1A}.Debug|Any CPU.Build.0 = Debug|Any CPU
		{5B5297C5-CED5-43CA-85D2-65D5F11D0D1A}.Release|Any CPU.ActiveCfg = Release|Any CPU
		{5B5297C5-CED5-43CA-85D2-65D5F11D0D1A}.Release|Any CPU.Build.0 = Release|Any CPU
		{ABE9E310-9AFE-49AF-A303-62313D6F4A38}.Debug|Any CPU.ActiveCfg = Debug|Any CPU
		{ABE9E310-9AFE-49AF-A303-62313D6F4A38}.Debug|Any CPU.Build.0 = Debug|Any CPU
		{ABE9E310-9AFE-49AF-A303-62313D6F4A38}.Release|Any CPU.ActiveCfg = Release|Any CPU
		{ABE9E310-9AFE-49AF-A303-62313D6F4A38}.Release|Any CPU.Build.0 = Release|Any CPU
	EndGlobalSection
EndGlobal
